
Microsoft Visual Studio Solution File, Format Version 12.00
# Visual Studio 2013
VisualStudioVersion = 12.0.31101.0
MinimumVisualStudioVersion = 10.0.40219.1
Project("{FAE04EC0-301F-11D3-BF4B-00C04F79EFBC}") = "Experior.Catalog.Dematic.Sorter", "Experior.Catalog.Dematic.Sorter.csproj", "{3295A40F-BB49-49CA-99D6-3746F1788DEB}"
EndProject
Project("{FAE04EC0-301F-11D3-BF4B-00C04F79EFBC}") = "Experior.Dematic.Base", "..\Experior.Dematic.Base\Experior.Dematic.Base.csproj", "{803CB223-5A12-4190-9CDD-E34A34A6F471}"
EndProject
Global
	GlobalSection(SolutionConfigurationPlatforms) = preSolution
		Debug|Any CPU = Debug|Any CPU
		Debug|x86 = Debug|x86
		Deploy|Any CPU = Deploy|Any CPU
		Deploy|x86 = Deploy|x86
		Release|Any CPU = Release|Any CPU
		Release|x86 = Release|x86
	EndGlobalSection
	GlobalSection(ProjectConfigurationPlatforms) = postSolution
		{3295A40F-BB49-49CA-99D6-3746F1788DEB}.Debug|Any CPU.ActiveCfg = Debug|Any CPU
		{3295A40F-BB49-49CA-99D6-3746F1788DEB}.Debug|Any CPU.Build.0 = Debug|Any CPU
		{3295A40F-BB49-49CA-99D6-3746F1788DEB}.Debug|x86.ActiveCfg = Debug|x86
		{3295A40F-BB49-49CA-99D6-3746F1788DEB}.Debug|x86.Build.0 = Debug|x86
		{3295A40F-BB49-49CA-99D6-3746F1788DEB}.Deploy|Any CPU.ActiveCfg = Deploy|Any CPU
		{3295A40F-BB49-49CA-99D6-3746F1788DEB}.Deploy|Any CPU.Build.0 = Deploy|Any CPU
		{3295A40F-BB49-49CA-99D6-3746F1788DEB}.Deploy|x86.ActiveCfg = Deploy|x86
		{3295A40F-BB49-49CA-99D6-3746F1788DEB}.Deploy|x86.Build.0 = Deploy|x86
		{3295A40F-BB49-49CA-99D6-3746F1788DEB}.Release|Any CPU.ActiveCfg = Release|Any CPU
		{3295A40F-BB49-49CA-99D6-3746F1788DEB}.Release|Any CPU.Build.0 = Release|Any CPU
		{3295A40F-BB49-49CA-99D6-3746F1788DEB}.Release|x86.ActiveCfg = Release|x86
		{3295A40F-BB49-49CA-99D6-3746F1788DEB}.Release|x86.Build.0 = Release|x86
		{803CB223-5A12-4190-9CDD-E34A34A6F471}.Debug|Any CPU.ActiveCfg = Debug|Any CPU
		{803CB223-5A12-4190-9CDD-E34A34A6F471}.Debug|Any CPU.Build.0 = Debug|Any CPU
		{803CB223-5A12-4190-9CDD-E34A34A6F471}.Debug|x86.ActiveCfg = Debug|Any CPU
		{803CB223-5A12-4190-9CDD-E34A34A6F471}.Deploy|Any CPU.ActiveCfg = Deploy|Any CPU
		{803CB223-5A12-4190-9CDD-E34A34A6F471}.Deploy|Any CPU.Build.0 = Deploy|Any CPU
		{803CB223-5A12-4190-9CDD-E34A34A6F471}.Deploy|x86.ActiveCfg = Deploy|Any CPU
		{803CB223-5A12-4190-9CDD-E34A34A6F471}.Release|Any CPU.ActiveCfg = Release|Any CPU
		{803CB223-5A12-4190-9CDD-E34A34A6F471}.Release|Any CPU.Build.0 = Release|Any CPU
		{803CB223-5A12-4190-9CDD-E34A34A6F471}.Release|x86.ActiveCfg = Release|Any CPU
	EndGlobalSection
	GlobalSection(SolutionProperties) = preSolution
		HideSolutionNode = FALSE
	EndGlobalSection
EndGlobal
