
Microsoft Visual Studio Solution File, Format Version 12.00
# Visual Studio 14
VisualStudioVersion = 14.0.25420.1
MinimumVisualStudioVersion = 10.0.40219.1
Project("{FAE04EC0-301F-11D3-BF4B-00C04F79EFBC}") = "Experior.Catalog.Dematic.Case", "Experior.Catalog.Dematic.Case\Experior.Catalog.Dematic.Case.csproj", "{7E11A83F-65B5-47B2-897F-0EC5FF130E57}"
	ProjectSection(ProjectDependencies) = postProject
		{0E7AC913-F53E-40D3-A9AD-6472BA86B6BE} = {0E7AC913-F53E-40D3-A9AD-6472BA86B6BE}
		{803CB223-5A12-4190-9CDD-E34A34A6F471} = {803CB223-5A12-4190-9CDD-E34A34A6F471}
		{F83D8E6D-2F36-4153-8B43-C65F94B80B0F} = {F83D8E6D-2F36-4153-8B43-C65F94B80B0F}
	EndProjectSection
EndProject
Project("{FAE04EC0-301F-11D3-BF4B-00C04F79EFBC}") = "Experior.Catalog.Dematic.Custom", "Experior.Catalog.Dematic.Custom\Experior.Catalog.Dematic.Custom.csproj", "{BE1D781E-6C84-4FCB-8987-EFCDA3879A09}"
	ProjectSection(ProjectDependencies) = postProject
		{0E7AC913-F53E-40D3-A9AD-6472BA86B6BE} = {0E7AC913-F53E-40D3-A9AD-6472BA86B6BE}
		{803CB223-5A12-4190-9CDD-E34A34A6F471} = {803CB223-5A12-4190-9CDD-E34A34A6F471}
		{7E11A83F-65B5-47B2-897F-0EC5FF130E57} = {7E11A83F-65B5-47B2-897F-0EC5FF130E57}
		{F83D8E6D-2F36-4153-8B43-C65F94B80B0F} = {F83D8E6D-2F36-4153-8B43-C65F94B80B0F}
	EndProjectSection
EndProject
Project("{FAE04EC0-301F-11D3-BF4B-00C04F79EFBC}") = "Experior.Catalog.Dematic.DatcomUK", "Experior.Catalog.Dematic.DatcomUK\Experior.Catalog.Dematic.DatcomUK.csproj", "{F0738922-6684-4FA3-B53E-99E417E00D6D}"
	ProjectSection(ProjectDependencies) = postProject
		{803CB223-5A12-4190-9CDD-E34A34A6F471} = {803CB223-5A12-4190-9CDD-E34A34A6F471}
		{7E11A83F-65B5-47B2-897F-0EC5FF130E57} = {7E11A83F-65B5-47B2-897F-0EC5FF130E57}
		{F83D8E6D-2F36-4153-8B43-C65F94B80B0F} = {F83D8E6D-2F36-4153-8B43-C65F94B80B0F}
	EndProjectSection
EndProject
Project("{FAE04EC0-301F-11D3-BF4B-00C04F79EFBC}") = "Experior.Catalog.Dematic.Sorter", "Experior.Catalog.Dematic.Sorter\Experior.Catalog.Dematic.Sorter.csproj", "{3295A40F-BB49-49CA-99D6-3746F1788DEB}"
	ProjectSection(ProjectDependencies) = postProject
		{803CB223-5A12-4190-9CDD-E34A34A6F471} = {803CB223-5A12-4190-9CDD-E34A34A6F471}
		{7E11A83F-65B5-47B2-897F-0EC5FF130E57} = {7E11A83F-65B5-47B2-897F-0EC5FF130E57}
	EndProjectSection
EndProject
Project("{FAE04EC0-301F-11D3-BF4B-00C04F79EFBC}") = "Experior.Catalog.Dematic.Storage.Miniload", "Experior.Catalog.Dematic.Storage.Miniload\Experior.Catalog.Dematic.Storage.Miniload.csproj", "{999D276D-192A-4206-B986-AC93B596F417}"
	ProjectSection(ProjectDependencies) = postProject
		{0E7AC913-F53E-40D3-A9AD-6472BA86B6BE} = {0E7AC913-F53E-40D3-A9AD-6472BA86B6BE}
		{803CB223-5A12-4190-9CDD-E34A34A6F471} = {803CB223-5A12-4190-9CDD-E34A34A6F471}
		{7E11A83F-65B5-47B2-897F-0EC5FF130E57} = {7E11A83F-65B5-47B2-897F-0EC5FF130E57}
		{F83D8E6D-2F36-4153-8B43-C65F94B80B0F} = {F83D8E6D-2F36-4153-8B43-C65F94B80B0F}
	EndProjectSection
EndProject
Project("{FAE04EC0-301F-11D3-BF4B-00C04F79EFBC}") = "Experior.Catalog.DematicExtra", "Experior.Catalog.DematicExtra\Experior.Catalog.DematicExtra.csproj", "{F83D8E6D-2F36-4153-8B43-C65F94B80B0F}"
	ProjectSection(ProjectDependencies) = postProject
		{0E7AC913-F53E-40D3-A9AD-6472BA86B6BE} = {0E7AC913-F53E-40D3-A9AD-6472BA86B6BE}
		{803CB223-5A12-4190-9CDD-E34A34A6F471} = {803CB223-5A12-4190-9CDD-E34A34A6F471}
	EndProjectSection
EndProject
Project("{FAE04EC0-301F-11D3-BF4B-00C04F79EFBC}") = "Experior.Dematic.Base", "Experior.Dematic.Base\Experior.Dematic.Base.csproj", "{803CB223-5A12-4190-9CDD-E34A34A6F471}"
	ProjectSection(ProjectDependencies) = postProject
		{9F46AE77-20AC-41D9-88DF-83BBBDCC1AFF} = {9F46AE77-20AC-41D9-88DF-83BBBDCC1AFF}
	EndProjectSection
EndProject
Project("{FAE04EC0-301F-11D3-BF4B-00C04F79EFBC}") = "Experior.Catalog.Dematic.Storage.MultiShuttle", "Experior.Catalog.Dematic.Storage.MultiShuttle\Branched - DriveThrough\Experior.Catalog.Dematic.Storage.MultiShuttle.csproj", "{66CD6D1D-2AE7-43DC-88E7-3F1505A40F44}"
EndProject
Project("{FAE04EC0-301F-11D3-BF4B-00C04F79EFBC}") = "Experior.Catalog.Dematic.Pallet", "Experior.Catalog.Dematic.Pallet\Experior.Catalog.Dematic.Pallet.csproj", "{2B18812E-A543-4369-A1B4-31A36336661E}"
	ProjectSection(ProjectDependencies) = postProject
		{0E7AC913-F53E-40D3-A9AD-6472BA86B6BE} = {0E7AC913-F53E-40D3-A9AD-6472BA86B6BE}
	EndProjectSection
EndProject
Project("{FAE04EC0-301F-11D3-BF4B-00C04F79EFBC}") = "Experior.Catalog.Dematic.Storage.PalletCrane", "Experior.Catalog.Dematic.Storage.PalletCrane\Experior.Catalog.Dematic.Storage.PalletCrane.csproj", "{B9F8D766-257F-4984-9A6F-518B8704F655}"
	ProjectSection(ProjectDependencies) = postProject
		{0E7AC913-F53E-40D3-A9AD-6472BA86B6BE} = {0E7AC913-F53E-40D3-A9AD-6472BA86B6BE}
		{803CB223-5A12-4190-9CDD-E34A34A6F471} = {803CB223-5A12-4190-9CDD-E34A34A6F471}
		{2B18812E-A543-4369-A1B4-31A36336661E} = {2B18812E-A543-4369-A1B4-31A36336661E}
	EndProjectSection
EndProject
Project("{FAE04EC0-301F-11D3-BF4B-00C04F79EFBC}") = "Experior.Catalog.Dematic.DCI", "Experior.Catalog.Dematic.DCI\Experior.Catalog.Dematic.DCI.csproj", "{D65C9CF6-9C7B-47B4-91BD-5A08ABF2858D}"
	ProjectSection(ProjectDependencies) = postProject
		{0E7AC913-F53E-40D3-A9AD-6472BA86B6BE} = {0E7AC913-F53E-40D3-A9AD-6472BA86B6BE}
		{BE1D781E-6C84-4FCB-8987-EFCDA3879A09} = {BE1D781E-6C84-4FCB-8987-EFCDA3879A09}
		{9F46AE77-20AC-41D9-88DF-83BBBDCC1AFF} = {9F46AE77-20AC-41D9-88DF-83BBBDCC1AFF}
	EndProjectSection
EndProject
Project("{FAE04EC0-301F-11D3-BF4B-00C04F79EFBC}") = "BK", "BK\BK.csproj", "{9F46AE77-20AC-41D9-88DF-83BBBDCC1AFF}"
EndProject
Project("{FAE04EC0-301F-11D3-BF4B-00C04F79EFBC}") = "Dematic.DCI", "Dematic.DCI\Dematic.DCI.csproj", "{0E7AC913-F53E-40D3-A9AD-6472BA86B6BE}"
EndProject
Project("{FAE04EC0-301F-11D3-BF4B-00C04F79EFBC}") = "Dematic.DATCOMAUS", "Dematic.DATCOMAUS\Dematic.DATCOMAUS.csproj", "{99EBDD47-7603-4076-BB64-3854B1FD59A1}"
EndProject
Project("{FAE04EC0-301F-11D3-BF4B-00C04F79EFBC}") = "Experior.Catalog.Dematic.DatcomAUS", "Experior.Catalog.Dematic.DatcomAUS\Experior.Catalog.Dematic.DatcomAUS.csproj", "{9F46EF99-481B-47BC-9849-F991CF5E0DF0}"
EndProject
Project("{FAE04EC0-301F-11D3-BF4B-00C04F79EFBC}") = "Experior.Controller.TollFashion", "Experior.Controller.TollFashion\Experior.Controller.TollFashion.csproj", "{603BC2A4-CDF1-497A-9DD5-6BC341B67D21}"
EndProject
Global
	GlobalSection(SolutionConfigurationPlatforms) = preSolution
		Debug|Any CPU = Debug|Any CPU
		Debug|x86 = Debug|x86
		Deploy|Any CPU = Deploy|Any CPU
		Deploy|x86 = Deploy|x86
		Release|Any CPU = Release|Any CPU
		Release|x86 = Release|x86
	EndGlobalSection
	GlobalSection(ProjectConfigurationPlatforms) = postSolution
		{7E11A83F-65B5-47B2-897F-0EC5FF130E57}.Debug|Any CPU.ActiveCfg = Debug|Any CPU
		{7E11A83F-65B5-47B2-897F-0EC5FF130E57}.Debug|Any CPU.Build.0 = Debug|Any CPU
		{7E11A83F-65B5-47B2-897F-0EC5FF130E57}.Debug|x86.ActiveCfg = Debug|Any CPU
		{7E11A83F-65B5-47B2-897F-0EC5FF130E57}.Debug|x86.Build.0 = Debug|Any CPU
		{7E11A83F-65B5-47B2-897F-0EC5FF130E57}.Deploy|Any CPU.ActiveCfg = Deploy|Any CPU
		{7E11A83F-65B5-47B2-897F-0EC5FF130E57}.Deploy|Any CPU.Build.0 = Deploy|Any CPU
		{7E11A83F-65B5-47B2-897F-0EC5FF130E57}.Deploy|x86.ActiveCfg = Deploy|Any CPU
		{7E11A83F-65B5-47B2-897F-0EC5FF130E57}.Deploy|x86.Build.0 = Deploy|Any CPU
		{7E11A83F-65B5-47B2-897F-0EC5FF130E57}.Release|Any CPU.ActiveCfg = Release|Any CPU
		{7E11A83F-65B5-47B2-897F-0EC5FF130E57}.Release|Any CPU.Build.0 = Release|Any CPU
		{7E11A83F-65B5-47B2-897F-0EC5FF130E57}.Release|x86.ActiveCfg = Release|Any CPU
		{7E11A83F-65B5-47B2-897F-0EC5FF130E57}.Release|x86.Build.0 = Release|Any CPU
		{BE1D781E-6C84-4FCB-8987-EFCDA3879A09}.Debug|Any CPU.ActiveCfg = Debug|Any CPU
		{BE1D781E-6C84-4FCB-8987-EFCDA3879A09}.Debug|Any CPU.Build.0 = Debug|Any CPU
		{BE1D781E-6C84-4FCB-8987-EFCDA3879A09}.Debug|x86.ActiveCfg = Debug|Any CPU
		{BE1D781E-6C84-4FCB-8987-EFCDA3879A09}.Debug|x86.Build.0 = Debug|Any CPU
		{BE1D781E-6C84-4FCB-8987-EFCDA3879A09}.Deploy|Any CPU.ActiveCfg = Deploy|Any CPU
		{BE1D781E-6C84-4FCB-8987-EFCDA3879A09}.Deploy|Any CPU.Build.0 = Deploy|Any CPU
		{BE1D781E-6C84-4FCB-8987-EFCDA3879A09}.Deploy|x86.ActiveCfg = Deploy|Any CPU
		{BE1D781E-6C84-4FCB-8987-EFCDA3879A09}.Deploy|x86.Build.0 = Deploy|Any CPU
		{BE1D781E-6C84-4FCB-8987-EFCDA3879A09}.Release|Any CPU.ActiveCfg = Release|Any CPU
		{BE1D781E-6C84-4FCB-8987-EFCDA3879A09}.Release|Any CPU.Build.0 = Release|Any CPU
		{BE1D781E-6C84-4FCB-8987-EFCDA3879A09}.Release|x86.ActiveCfg = Release|Any CPU
		{BE1D781E-6C84-4FCB-8987-EFCDA3879A09}.Release|x86.Build.0 = Release|Any CPU
		{F0738922-6684-4FA3-B53E-99E417E00D6D}.Debug|Any CPU.ActiveCfg = Debug|Any CPU
		{F0738922-6684-4FA3-B53E-99E417E00D6D}.Debug|Any CPU.Build.0 = Debug|Any CPU
		{F0738922-6684-4FA3-B53E-99E417E00D6D}.Debug|x86.ActiveCfg = Debug|Any CPU
		{F0738922-6684-4FA3-B53E-99E417E00D6D}.Debug|x86.Build.0 = Debug|Any CPU
		{F0738922-6684-4FA3-B53E-99E417E00D6D}.Deploy|Any CPU.ActiveCfg = Deploy|Any CPU
		{F0738922-6684-4FA3-B53E-99E417E00D6D}.Deploy|Any CPU.Build.0 = Deploy|Any CPU
		{F0738922-6684-4FA3-B53E-99E417E00D6D}.Deploy|x86.ActiveCfg = Deploy|Any CPU
		{F0738922-6684-4FA3-B53E-99E417E00D6D}.Deploy|x86.Build.0 = Deploy|Any CPU
		{F0738922-6684-4FA3-B53E-99E417E00D6D}.Release|Any CPU.ActiveCfg = Release|Any CPU
		{F0738922-6684-4FA3-B53E-99E417E00D6D}.Release|Any CPU.Build.0 = Release|Any CPU
		{F0738922-6684-4FA3-B53E-99E417E00D6D}.Release|x86.ActiveCfg = Release|Any CPU
		{F0738922-6684-4FA3-B53E-99E417E00D6D}.Release|x86.Build.0 = Release|Any CPU
		{3295A40F-BB49-49CA-99D6-3746F1788DEB}.Debug|Any CPU.ActiveCfg = Debug|Any CPU
		{3295A40F-BB49-49CA-99D6-3746F1788DEB}.Debug|Any CPU.Build.0 = Debug|Any CPU
		{3295A40F-BB49-49CA-99D6-3746F1788DEB}.Debug|x86.ActiveCfg = Debug|x86
		{3295A40F-BB49-49CA-99D6-3746F1788DEB}.Debug|x86.Build.0 = Debug|x86
		{3295A40F-BB49-49CA-99D6-3746F1788DEB}.Deploy|Any CPU.ActiveCfg = Deploy|Any CPU
		{3295A40F-BB49-49CA-99D6-3746F1788DEB}.Deploy|Any CPU.Build.0 = Deploy|Any CPU
		{3295A40F-BB49-49CA-99D6-3746F1788DEB}.Deploy|x86.ActiveCfg = Deploy|x86
		{3295A40F-BB49-49CA-99D6-3746F1788DEB}.Deploy|x86.Build.0 = Deploy|x86
		{3295A40F-BB49-49CA-99D6-3746F1788DEB}.Release|Any CPU.ActiveCfg = Release|Any CPU
		{3295A40F-BB49-49CA-99D6-3746F1788DEB}.Release|Any CPU.Build.0 = Release|Any CPU
		{3295A40F-BB49-49CA-99D6-3746F1788DEB}.Release|x86.ActiveCfg = Release|x86
		{3295A40F-BB49-49CA-99D6-3746F1788DEB}.Release|x86.Build.0 = Release|x86
		{999D276D-192A-4206-B986-AC93B596F417}.Debug|Any CPU.ActiveCfg = Debug|Any CPU
		{999D276D-192A-4206-B986-AC93B596F417}.Debug|Any CPU.Build.0 = Debug|Any CPU
		{999D276D-192A-4206-B986-AC93B596F417}.Debug|x86.ActiveCfg = Debug|Any CPU
		{999D276D-192A-4206-B986-AC93B596F417}.Debug|x86.Build.0 = Debug|Any CPU
		{999D276D-192A-4206-B986-AC93B596F417}.Deploy|Any CPU.ActiveCfg = Deploy|Any CPU
		{999D276D-192A-4206-B986-AC93B596F417}.Deploy|Any CPU.Build.0 = Deploy|Any CPU
		{999D276D-192A-4206-B986-AC93B596F417}.Deploy|x86.ActiveCfg = Deploy|Any CPU
		{999D276D-192A-4206-B986-AC93B596F417}.Deploy|x86.Build.0 = Deploy|Any CPU
		{999D276D-192A-4206-B986-AC93B596F417}.Release|Any CPU.ActiveCfg = Release|Any CPU
		{999D276D-192A-4206-B986-AC93B596F417}.Release|Any CPU.Build.0 = Release|Any CPU
		{999D276D-192A-4206-B986-AC93B596F417}.Release|x86.ActiveCfg = Release|Any CPU
		{999D276D-192A-4206-B986-AC93B596F417}.Release|x86.Build.0 = Release|Any CPU
		{F83D8E6D-2F36-4153-8B43-C65F94B80B0F}.Debug|Any CPU.ActiveCfg = Debug|Any CPU
		{F83D8E6D-2F36-4153-8B43-C65F94B80B0F}.Debug|Any CPU.Build.0 = Debug|Any CPU
		{F83D8E6D-2F36-4153-8B43-C65F94B80B0F}.Debug|x86.ActiveCfg = Debug|Any CPU
		{F83D8E6D-2F36-4153-8B43-C65F94B80B0F}.Debug|x86.Build.0 = Debug|Any CPU
		{F83D8E6D-2F36-4153-8B43-C65F94B80B0F}.Deploy|Any CPU.ActiveCfg = Deploy|Any CPU
		{F83D8E6D-2F36-4153-8B43-C65F94B80B0F}.Deploy|Any CPU.Build.0 = Deploy|Any CPU
		{F83D8E6D-2F36-4153-8B43-C65F94B80B0F}.Deploy|x86.ActiveCfg = Deploy|Any CPU
		{F83D8E6D-2F36-4153-8B43-C65F94B80B0F}.Deploy|x86.Build.0 = Deploy|Any CPU
		{F83D8E6D-2F36-4153-8B43-C65F94B80B0F}.Release|Any CPU.ActiveCfg = Release|Any CPU
		{F83D8E6D-2F36-4153-8B43-C65F94B80B0F}.Release|Any CPU.Build.0 = Release|Any CPU
		{F83D8E6D-2F36-4153-8B43-C65F94B80B0F}.Release|x86.ActiveCfg = Release|Any CPU
		{F83D8E6D-2F36-4153-8B43-C65F94B80B0F}.Release|x86.Build.0 = Release|Any CPU
		{803CB223-5A12-4190-9CDD-E34A34A6F471}.Debug|Any CPU.ActiveCfg = Debug|Any CPU
		{803CB223-5A12-4190-9CDD-E34A34A6F471}.Debug|Any CPU.Build.0 = Debug|Any CPU
		{803CB223-5A12-4190-9CDD-E34A34A6F471}.Debug|x86.ActiveCfg = Debug|Any CPU
		{803CB223-5A12-4190-9CDD-E34A34A6F471}.Debug|x86.Build.0 = Debug|Any CPU
		{803CB223-5A12-4190-9CDD-E34A34A6F471}.Deploy|Any CPU.ActiveCfg = Deploy|Any CPU
		{803CB223-5A12-4190-9CDD-E34A34A6F471}.Deploy|Any CPU.Build.0 = Deploy|Any CPU
		{803CB223-5A12-4190-9CDD-E34A34A6F471}.Deploy|x86.ActiveCfg = Deploy|Any CPU
		{803CB223-5A12-4190-9CDD-E34A34A6F471}.Deploy|x86.Build.0 = Deploy|Any CPU
		{803CB223-5A12-4190-9CDD-E34A34A6F471}.Release|Any CPU.ActiveCfg = Release|Any CPU
		{803CB223-5A12-4190-9CDD-E34A34A6F471}.Release|Any CPU.Build.0 = Release|Any CPU
		{803CB223-5A12-4190-9CDD-E34A34A6F471}.Release|x86.ActiveCfg = Release|Any CPU
		{803CB223-5A12-4190-9CDD-E34A34A6F471}.Release|x86.Build.0 = Release|Any CPU
		{66CD6D1D-2AE7-43DC-88E7-3F1505A40F44}.Debug|Any CPU.ActiveCfg = Debug|Any CPU
		{66CD6D1D-2AE7-43DC-88E7-3F1505A40F44}.Debug|Any CPU.Build.0 = Debug|Any CPU
		{66CD6D1D-2AE7-43DC-88E7-3F1505A40F44}.Debug|x86.ActiveCfg = Debug|Any CPU
		{66CD6D1D-2AE7-43DC-88E7-3F1505A40F44}.Debug|x86.Build.0 = Debug|Any CPU
		{66CD6D1D-2AE7-43DC-88E7-3F1505A40F44}.Deploy|Any CPU.ActiveCfg = Deploy|Any CPU
		{66CD6D1D-2AE7-43DC-88E7-3F1505A40F44}.Deploy|Any CPU.Build.0 = Deploy|Any CPU
		{66CD6D1D-2AE7-43DC-88E7-3F1505A40F44}.Deploy|x86.ActiveCfg = Deploy|Any CPU
		{66CD6D1D-2AE7-43DC-88E7-3F1505A40F44}.Deploy|x86.Build.0 = Deploy|Any CPU
		{66CD6D1D-2AE7-43DC-88E7-3F1505A40F44}.Release|Any CPU.ActiveCfg = Release|Any CPU
		{66CD6D1D-2AE7-43DC-88E7-3F1505A40F44}.Release|Any CPU.Build.0 = Release|Any CPU
		{66CD6D1D-2AE7-43DC-88E7-3F1505A40F44}.Release|x86.ActiveCfg = Release|Any CPU
		{66CD6D1D-2AE7-43DC-88E7-3F1505A40F44}.Release|x86.Build.0 = Release|Any CPU
		{2B18812E-A543-4369-A1B4-31A36336661E}.Debug|Any CPU.ActiveCfg = Debug|Any CPU
		{2B18812E-A543-4369-A1B4-31A36336661E}.Debug|Any CPU.Build.0 = Debug|Any CPU
		{2B18812E-A543-4369-A1B4-31A36336661E}.Debug|x86.ActiveCfg = Debug|Any CPU
		{2B18812E-A543-4369-A1B4-31A36336661E}.Debug|x86.Build.0 = Debug|Any CPU
		{2B18812E-A543-4369-A1B4-31A36336661E}.Deploy|Any CPU.ActiveCfg = Deploy|Any CPU
		{2B18812E-A543-4369-A1B4-31A36336661E}.Deploy|Any CPU.Build.0 = Deploy|Any CPU
		{2B18812E-A543-4369-A1B4-31A36336661E}.Deploy|x86.ActiveCfg = Deploy|Any CPU
		{2B18812E-A543-4369-A1B4-31A36336661E}.Deploy|x86.Build.0 = Deploy|Any CPU
		{2B18812E-A543-4369-A1B4-31A36336661E}.Release|Any CPU.ActiveCfg = Release|Any CPU
		{2B18812E-A543-4369-A1B4-31A36336661E}.Release|Any CPU.Build.0 = Release|Any CPU
		{2B18812E-A543-4369-A1B4-31A36336661E}.Release|x86.ActiveCfg = Release|Any CPU
		{2B18812E-A543-4369-A1B4-31A36336661E}.Release|x86.Build.0 = Release|Any CPU
		{B9F8D766-257F-4984-9A6F-518B8704F655}.Debug|Any CPU.ActiveCfg = Debug|Any CPU
		{B9F8D766-257F-4984-9A6F-518B8704F655}.Debug|Any CPU.Build.0 = Debug|Any CPU
		{B9F8D766-257F-4984-9A6F-518B8704F655}.Debug|x86.ActiveCfg = Debug|Any CPU
		{B9F8D766-257F-4984-9A6F-518B8704F655}.Debug|x86.Build.0 = Debug|Any CPU
		{B9F8D766-257F-4984-9A6F-518B8704F655}.Deploy|Any CPU.ActiveCfg = Deploy|Any CPU
		{B9F8D766-257F-4984-9A6F-518B8704F655}.Deploy|Any CPU.Build.0 = Deploy|Any CPU
		{B9F8D766-257F-4984-9A6F-518B8704F655}.Deploy|x86.ActiveCfg = Deploy|Any CPU
		{B9F8D766-257F-4984-9A6F-518B8704F655}.Deploy|x86.Build.0 = Deploy|Any CPU
		{B9F8D766-257F-4984-9A6F-518B8704F655}.Release|Any CPU.ActiveCfg = Release|Any CPU
		{B9F8D766-257F-4984-9A6F-518B8704F655}.Release|Any CPU.Build.0 = Release|Any CPU
		{B9F8D766-257F-4984-9A6F-518B8704F655}.Release|x86.ActiveCfg = Release|Any CPU
		{B9F8D766-257F-4984-9A6F-518B8704F655}.Release|x86.Build.0 = Release|Any CPU
		{D65C9CF6-9C7B-47B4-91BD-5A08ABF2858D}.Debug|Any CPU.ActiveCfg = Debug|Any CPU
		{D65C9CF6-9C7B-47B4-91BD-5A08ABF2858D}.Debug|Any CPU.Build.0 = Debug|Any CPU
		{D65C9CF6-9C7B-47B4-91BD-5A08ABF2858D}.Debug|x86.ActiveCfg = Debug|Any CPU
		{D65C9CF6-9C7B-47B4-91BD-5A08ABF2858D}.Debug|x86.Build.0 = Debug|Any CPU
		{D65C9CF6-9C7B-47B4-91BD-5A08ABF2858D}.Deploy|Any CPU.ActiveCfg = Deploy|Any CPU
		{D65C9CF6-9C7B-47B4-91BD-5A08ABF2858D}.Deploy|Any CPU.Build.0 = Deploy|Any CPU
		{D65C9CF6-9C7B-47B4-91BD-5A08ABF2858D}.Deploy|x86.ActiveCfg = Deploy|Any CPU
		{D65C9CF6-9C7B-47B4-91BD-5A08ABF2858D}.Deploy|x86.Build.0 = Deploy|Any CPU
		{D65C9CF6-9C7B-47B4-91BD-5A08ABF2858D}.Release|Any CPU.ActiveCfg = Release|Any CPU
		{D65C9CF6-9C7B-47B4-91BD-5A08ABF2858D}.Release|Any CPU.Build.0 = Release|Any CPU
		{D65C9CF6-9C7B-47B4-91BD-5A08ABF2858D}.Release|x86.ActiveCfg = Release|Any CPU
		{D65C9CF6-9C7B-47B4-91BD-5A08ABF2858D}.Release|x86.Build.0 = Release|Any CPU
		{9F46AE77-20AC-41D9-88DF-83BBBDCC1AFF}.Debug|Any CPU.ActiveCfg = Debug|Any CPU
		{9F46AE77-20AC-41D9-88DF-83BBBDCC1AFF}.Debug|Any CPU.Build.0 = Debug|Any CPU
		{9F46AE77-20AC-41D9-88DF-83BBBDCC1AFF}.Debug|x86.ActiveCfg = Debug|Any CPU
		{9F46AE77-20AC-41D9-88DF-83BBBDCC1AFF}.Debug|x86.Build.0 = Debug|Any CPU
		{9F46AE77-20AC-41D9-88DF-83BBBDCC1AFF}.Deploy|Any CPU.ActiveCfg = Deploy|Any CPU
		{9F46AE77-20AC-41D9-88DF-83BBBDCC1AFF}.Deploy|Any CPU.Build.0 = Deploy|Any CPU
		{9F46AE77-20AC-41D9-88DF-83BBBDCC1AFF}.Deploy|x86.ActiveCfg = Deploy|Any CPU
		{9F46AE77-20AC-41D9-88DF-83BBBDCC1AFF}.Deploy|x86.Build.0 = Deploy|Any CPU
		{9F46AE77-20AC-41D9-88DF-83BBBDCC1AFF}.Release|Any CPU.ActiveCfg = Release|Any CPU
		{9F46AE77-20AC-41D9-88DF-83BBBDCC1AFF}.Release|Any CPU.Build.0 = Release|Any CPU
		{9F46AE77-20AC-41D9-88DF-83BBBDCC1AFF}.Release|x86.ActiveCfg = Release|Any CPU
		{9F46AE77-20AC-41D9-88DF-83BBBDCC1AFF}.Release|x86.Build.0 = Release|Any CPU
		{0E7AC913-F53E-40D3-A9AD-6472BA86B6BE}.Debug|Any CPU.ActiveCfg = Debug|Any CPU
		{0E7AC913-F53E-40D3-A9AD-6472BA86B6BE}.Debug|Any CPU.Build.0 = Debug|Any CPU
		{0E7AC913-F53E-40D3-A9AD-6472BA86B6BE}.Debug|x86.ActiveCfg = Debug|Any CPU
		{0E7AC913-F53E-40D3-A9AD-6472BA86B6BE}.Debug|x86.Build.0 = Debug|Any CPU
		{0E7AC913-F53E-40D3-A9AD-6472BA86B6BE}.Deploy|Any CPU.ActiveCfg = Debug|Any CPU
		{0E7AC913-F53E-40D3-A9AD-6472BA86B6BE}.Deploy|Any CPU.Build.0 = Debug|Any CPU
		{0E7AC913-F53E-40D3-A9AD-6472BA86B6BE}.Deploy|x86.ActiveCfg = Debug|Any CPU
		{0E7AC913-F53E-40D3-A9AD-6472BA86B6BE}.Deploy|x86.Build.0 = Debug|Any CPU
		{0E7AC913-F53E-40D3-A9AD-6472BA86B6BE}.Release|Any CPU.ActiveCfg = Release|Any CPU
		{0E7AC913-F53E-40D3-A9AD-6472BA86B6BE}.Release|Any CPU.Build.0 = Release|Any CPU
		{0E7AC913-F53E-40D3-A9AD-6472BA86B6BE}.Release|x86.ActiveCfg = Release|Any CPU
		{0E7AC913-F53E-40D3-A9AD-6472BA86B6BE}.Release|x86.Build.0 = Release|Any CPU
		{99EBDD47-7603-4076-BB64-3854B1FD59A1}.Debug|Any CPU.ActiveCfg = Debug|Any CPU
		{99EBDD47-7603-4076-BB64-3854B1FD59A1}.Debug|Any CPU.Build.0 = Debug|Any CPU
		{99EBDD47-7603-4076-BB64-3854B1FD59A1}.Debug|x86.ActiveCfg = Debug|Any CPU
		{99EBDD47-7603-4076-BB64-3854B1FD59A1}.Debug|x86.Build.0 = Debug|Any CPU
		{99EBDD47-7603-4076-BB64-3854B1FD59A1}.Deploy|Any CPU.ActiveCfg = Debug|Any CPU
		{99EBDD47-7603-4076-BB64-3854B1FD59A1}.Deploy|Any CPU.Build.0 = Debug|Any CPU
		{99EBDD47-7603-4076-BB64-3854B1FD59A1}.Deploy|x86.ActiveCfg = Debug|Any CPU
		{99EBDD47-7603-4076-BB64-3854B1FD59A1}.Deploy|x86.Build.0 = Debug|Any CPU
		{99EBDD47-7603-4076-BB64-3854B1FD59A1}.Release|Any CPU.ActiveCfg = Release|Any CPU
		{99EBDD47-7603-4076-BB64-3854B1FD59A1}.Release|Any CPU.Build.0 = Release|Any CPU
		{99EBDD47-7603-4076-BB64-3854B1FD59A1}.Release|x86.ActiveCfg = Release|Any CPU
		{99EBDD47-7603-4076-BB64-3854B1FD59A1}.Release|x86.Build.0 = Release|Any CPU
		{9F46EF99-481B-47BC-9849-F991CF5E0DF0}.Debug|Any CPU.ActiveCfg = Debug|Any CPU
		{9F46EF99-481B-47BC-9849-F991CF5E0DF0}.Debug|Any CPU.Build.0 = Debug|Any CPU
		{9F46EF99-481B-47BC-9849-F991CF5E0DF0}.Debug|x86.ActiveCfg = Debug|Any CPU
		{9F46EF99-481B-47BC-9849-F991CF5E0DF0}.Debug|x86.Build.0 = Debug|Any CPU
		{9F46EF99-481B-47BC-9849-F991CF5E0DF0}.Deploy|Any CPU.ActiveCfg = Deploy|Any CPU
		{9F46EF99-481B-47BC-9849-F991CF5E0DF0}.Deploy|Any CPU.Build.0 = Deploy|Any CPU
		{9F46EF99-481B-47BC-9849-F991CF5E0DF0}.Deploy|x86.ActiveCfg = Deploy|Any CPU
		{9F46EF99-481B-47BC-9849-F991CF5E0DF0}.Deploy|x86.Build.0 = Deploy|Any CPU
		{9F46EF99-481B-47BC-9849-F991CF5E0DF0}.Release|Any CPU.ActiveCfg = Release|Any CPU
		{9F46EF99-481B-47BC-9849-F991CF5E0DF0}.Release|Any CPU.Build.0 = Release|Any CPU
		{9F46EF99-481B-47BC-9849-F991CF5E0DF0}.Release|x86.ActiveCfg = Release|Any CPU
		{9F46EF99-481B-47BC-9849-F991CF5E0DF0}.Release|x86.Build.0 = Release|Any CPU
		{603BC2A4-CDF1-497A-9DD5-6BC341B67D21}.Debug|Any CPU.ActiveCfg = Debug|Any CPU
		{603BC2A4-CDF1-497A-9DD5-6BC341B67D21}.Debug|Any CPU.Build.0 = Debug|Any CPU
		{603BC2A4-CDF1-497A-9DD5-6BC341B67D21}.Debug|x86.ActiveCfg = Debug|Any CPU
		{603BC2A4-CDF1-497A-9DD5-6BC341B67D21}.Debug|x86.Build.0 = Debug|Any CPU
		{603BC2A4-CDF1-497A-9DD5-6BC341B67D21}.Deploy|Any CPU.ActiveCfg = Debug|Any CPU
		{603BC2A4-CDF1-497A-9DD5-6BC341B67D21}.Deploy|Any CPU.Build.0 = Debug|Any CPU
		{603BC2A4-CDF1-497A-9DD5-6BC341B67D21}.Deploy|x86.ActiveCfg = Debug|Any CPU
		{603BC2A4-CDF1-497A-9DD5-6BC341B67D21}.Deploy|x86.Build.0 = Debug|Any CPU
		{603BC2A4-CDF1-497A-9DD5-6BC341B67D21}.Release|Any CPU.ActiveCfg = Release|Any CPU
		{603BC2A4-CDF1-497A-9DD5-6BC341B67D21}.Release|Any CPU.Build.0 = Release|Any CPU
		{603BC2A4-CDF1-497A-9DD5-6BC341B67D21}.Release|x86.ActiveCfg = Release|Any CPU
		{603BC2A4-CDF1-497A-9DD5-6BC341B67D21}.Release|x86.Build.0 = Release|Any CPU
	EndGlobalSection
	GlobalSection(SolutionProperties) = preSolution
		HideSolutionNode = FALSE
	EndGlobalSection
EndGlobal
